
Microsoft Visual Studio Solution File, Format Version 12.00
# Visual Studio Version 16
VisualStudioVersion = 16.0.31112.23
MinimumVisualStudioVersion = 10.0.40219.1
Project("{FAE04EC0-301F-11D3-BF4B-00C04F79EFBC}") = "MarranoideCDN_3", "MarranoideCDN_3\MarranoideCDN_3.csproj", "{08931821-B174-4A15-8E50-08E263F320D1}"
EndProject
Global
	GlobalSection(SolutionConfigurationPlatforms) = preSolution
		Debug|Any CPU = Debug|Any CPU
		Release|Any CPU = Release|Any CPU
	EndGlobalSection
	GlobalSection(ProjectConfigurationPlatforms) = postSolution
		{08931821-B174-4A15-8E50-08E263F320D1}.Debug|Any CPU.ActiveCfg = Debug|Any CPU
		{08931821-B174-4A15-8E50-08E263F320D1}.Debug|Any CPU.Build.0 = Debug|Any CPU
		{08931821-B174-4A15-8E50-08E263F320D1}.Release|Any CPU.ActiveCfg = Release|Any CPU
		{08931821-B174-4A15-8E50-08E263F320D1}.Release|Any CPU.Build.0 = Release|Any CPU
	EndGlobalSection
	GlobalSection(SolutionProperties) = preSolution
		HideSolutionNode = FALSE
	EndGlobalSection
	GlobalSection(ExtensibilityGlobals) = postSolution
		SolutionGuid = {DD68A8BD-2435-4781-9C79-D034CB896FBB}
	EndGlobalSection
EndGlobal
